
Microsoft Visual Studio Solution File, Format Version 12.00
# Visual Studio Version 17
VisualStudioVersion = 17.11.35222.181
MinimumVisualStudioVersion = 10.0.40219.1
Project("{FAE04EC0-301F-11D3-BF4B-00C04F79EFBC}") = "Ejercicio01", "Ejercicio01\Ejercicio01.csproj", "{2983E8DC-18D2-421B-8B07-2E91D6B6404C}"
EndProject
Project("{FAE04EC0-301F-11D3-BF4B-00C04F79EFBC}") = "Ejercicio02", "Ejercicio02\Ejercicio02.csproj", "{42A48E80-6363-4959-A4E4-ED5F0E4660F1}"
EndProject
Project("{FAE04EC0-301F-11D3-BF4B-00C04F79EFBC}") = "Ejercicio03", "Ejercicio03\Ejercicio03.csproj", "{165A5005-7078-437D-A3F7-2115193497DC}"
EndProject
Global
	GlobalSection(SolutionConfigurationPlatforms) = preSolution
		Debug|Any CPU = Debug|Any CPU
		Release|Any CPU = Release|Any CPU
	EndGlobalSection
	GlobalSection(ProjectConfigurationPlatforms) = postSolution
		{2983E8DC-18D2-421B-8B07-2E91D6B6404C}.Debug|Any CPU.ActiveCfg = Debug|Any CPU
		{2983E8DC-18D2-421B-8B07-2E91D6B6404C}.Debug|Any CPU.Build.0 = Debug|Any CPU
		{2983E8DC-18D2-421B-8B07-2E91D6B6404C}.Release|Any CPU.ActiveCfg = Release|Any CPU
		{2983E8DC-18D2-421B-8B07-2E91D6B6404C}.Release|Any CPU.Build.0 = Release|Any CPU
		{42A48E80-6363-4959-A4E4-ED5F0E4660F1}.Debug|Any CPU.ActiveCfg = Debug|Any CPU
		{42A48E80-6363-4959-A4E4-ED5F0E4660F1}.Debug|Any CPU.Build.0 = Debug|Any CPU
		{42A48E80-6363-4959-A4E4-ED5F0E4660F1}.Release|Any CPU.ActiveCfg = Release|Any CPU
		{42A48E80-6363-4959-A4E4-ED5F0E4660F1}.Release|Any CPU.Build.0 = Release|Any CPU
		{165A5005-7078-437D-A3F7-2115193497DC}.Debug|Any CPU.ActiveCfg = Debug|Any CPU
		{165A5005-7078-437D-A3F7-2115193497DC}.Debug|Any CPU.Build.0 = Debug|Any CPU
		{165A5005-7078-437D-A3F7-2115193497DC}.Release|Any CPU.ActiveCfg = Release|Any CPU
		{165A5005-7078-437D-A3F7-2115193497DC}.Release|Any CPU.Build.0 = Release|Any CPU
	EndGlobalSection
	GlobalSection(SolutionProperties) = preSolution
		HideSolutionNode = FALSE
	EndGlobalSection
	GlobalSection(ExtensibilityGlobals) = postSolution
		SolutionGuid = {52B49D2C-A468-40EA-BCE7-0CDE7EA4C038}
	EndGlobalSection
EndGlobal
